
Microsoft Visual Studio Solution File, Format Version 12.00
# Visual Studio Version 17
VisualStudioVersion = 17.2.32602.215
MinimumVisualStudioVersion = 10.0.40219.1
Project("{FAE04EC0-301F-11D3-BF4B-00C04F79EFBC}") = "MyBlog.API", "MyBlog.API\MyBlog.API.csproj", "{5B30F82E-2568-4822-B6D5-57A0C2BA80AB}"
EndProject
Global
	GlobalSection(SolutionConfigurationPlatforms) = preSolution
		Debug|Any CPU = Debug|Any CPU
		Release|Any CPU = Release|Any CPU
	EndGlobalSection
	GlobalSection(ProjectConfigurationPlatforms) = postSolution
		{5B30F82E-2568-4822-B6D5-57A0C2BA80AB}.Debug|Any CPU.ActiveCfg = Debug|Any CPU
		{5B30F82E-2568-4822-B6D5-57A0C2BA80AB}.Debug|Any CPU.Build.0 = Debug|Any CPU
		{5B30F82E-2568-4822-B6D5-57A0C2BA80AB}.Release|Any CPU.ActiveCfg = Release|Any CPU
		{5B30F82E-2568-4822-B6D5-57A0C2BA80AB}.Release|Any CPU.Build.0 = Release|Any CPU
	EndGlobalSection
	GlobalSection(SolutionProperties) = preSolution
		HideSolutionNode = FALSE
	EndGlobalSection
	GlobalSection(ExtensibilityGlobals) = postSolution
		SolutionGuid = {06284D02-999A-4F05-92C3-F43C3733CEAC}
	EndGlobalSection
EndGlobal
